# THIS IS AN AUTOGENERATED FILE. DO NOT EDIT THIS FILE DIRECTLY.
# yarn lockfile v1
# bun ./bun.lockb --hash: 9FFEF24D43313720-35ad9efcfbbc9a3e-514452108BE609A8-6787d9c90b4ceb9c


"@biomejs/biome@^1.9.4":
  version "1.9.4"
  resolved "https://registry.npmjs.org/@biomejs/biome/-/biome-1.9.4.tgz"
  integrity sha512-1rkd7G70+o9KkTn5KLmDYXihGoTaIGO9PIIN2ZB7UJxFrWw04CZHPYiMRjYsaDvVV7hP1dYNRLxSANLaBFGpog==
  optionalDependencies:
    "@biomejs/cli-linux-x64" "1.9.4"
    "@biomejs/cli-win32-x64" "1.9.4"
    "@biomejs/cli-darwin-x64" "1.9.4"
    "@biomejs/cli-linux-arm64" "1.9.4"
    "@biomejs/cli-win32-arm64" "1.9.4"
    "@biomejs/cli-darwin-arm64" "1.9.4"
    "@biomejs/cli-linux-x64-musl" "1.9.4"
    "@biomejs/cli-linux-arm64-musl" "1.9.4"

"@biomejs/cli-darwin-arm64@1.9.4":
  version "1.9.4"
  resolved "https://registry.npmjs.org/@biomejs/cli-darwin-arm64/-/cli-darwin-arm64-1.9.4.tgz"
  integrity sha512-bFBsPWrNvkdKrNCYeAp+xo2HecOGPAy9WyNyB/jKnnedgzl4W4Hb9ZMzYNbf8dMCGmUdSavlYHiR01QaYR58cw==

"@biomejs/cli-darwin-x64@1.9.4":
  version "1.9.4"
  resolved "https://registry.npmjs.org/@biomejs/cli-darwin-x64/-/cli-darwin-x64-1.9.4.tgz"
  integrity sha512-ngYBh/+bEedqkSevPVhLP4QfVPCpb+4BBe2p7Xs32dBgs7rh9nY2AIYUL6BgLw1JVXV8GlpKmb/hNiuIxfPfZg==

"@biomejs/cli-linux-arm64@1.9.4":
  version "1.9.4"
  resolved "https://registry.npmjs.org/@biomejs/cli-linux-arm64/-/cli-linux-arm64-1.9.4.tgz"
  integrity sha512-fJIW0+LYujdjUgJJuwesP4EjIBl/N/TcOX3IvIHJQNsAqvV2CHIogsmA94BPG6jZATS4Hi+xv4SkBBQSt1N4/g==

"@biomejs/cli-linux-arm64-musl@1.9.4":
  version "1.9.4"
  resolved "https://registry.npmjs.org/@biomejs/cli-linux-arm64-musl/-/cli-linux-arm64-musl-1.9.4.tgz"
  integrity sha512-v665Ct9WCRjGa8+kTr0CzApU0+XXtRgwmzIf1SeKSGAv+2scAlW6JR5PMFo6FzqqZ64Po79cKODKf3/AAmECqA==

"@biomejs/cli-linux-x64@1.9.4":
  version "1.9.4"
  resolved "https://registry.npmjs.org/@biomejs/cli-linux-x64/-/cli-linux-x64-1.9.4.tgz"
  integrity sha512-lRCJv/Vi3Vlwmbd6K+oQ0KhLHMAysN8lXoCI7XeHlxaajk06u7G+UsFSO01NAs5iYuWKmVZjmiOzJ0OJmGsMwg==

"@biomejs/cli-linux-x64-musl@1.9.4":
  version "1.9.4"
  resolved "https://registry.npmjs.org/@biomejs/cli-linux-x64-musl/-/cli-linux-x64-musl-1.9.4.tgz"
  integrity sha512-gEhi/jSBhZ2m6wjV530Yy8+fNqG8PAinM3oV7CyO+6c3CEh16Eizm21uHVsyVBEB6RIM8JHIl6AGYCv6Q6Q9Tg==

"@biomejs/cli-win32-arm64@1.9.4":
  version "1.9.4"
  resolved "https://registry.npmjs.org/@biomejs/cli-win32-arm64/-/cli-win32-arm64-1.9.4.tgz"
  integrity sha512-tlbhLk+WXZmgwoIKwHIHEBZUwxml7bRJgk0X2sPyNR3S93cdRq6XulAZRQJ17FYGGzWne0fgrXBKpl7l4M87Hg==

"@biomejs/cli-win32-x64@1.9.4":
  version "1.9.4"
  resolved "https://registry.npmjs.org/@biomejs/cli-win32-x64/-/cli-win32-x64-1.9.4.tgz"
  integrity sha512-8Y5wMhVIPaWe6jw2H+KlEm4wP/f7EW3810ZLmDlrEEy5KvBsb9ECEfu/kMWD484ijfQ8+nIi0giMgu9g1UAuuA==

"@gutenye/fetch@packages/fetch":
  version "workspace:packages/fetch"
  resolved "workspace:packages/fetch"
  devDependencies:
    nock "^14.0.0-beta.15"

"@gutenye/fs@packages/fs":
  version "workspace:packages/fs"
  resolved "workspace:packages/fs"
  devDependencies:
    memfs "^4.14.0"

"@gutenye/js@packages/js":
  version "workspace:packages/js"
  resolved "workspace:packages/js"

"@jsonjoy.com/base64@^1.1.1":
  version "1.1.2"
  resolved "https://registry.npmjs.org/@jsonjoy.com/base64/-/base64-1.1.2.tgz"
  integrity sha512-q6XAnWQDIMA3+FTiOYajoYqySkO+JSat0ytXGSuRdq9uXE7o92gzuQwQM14xaCRlBLGq3v5miDGC4vkVTn54xA==

"@jsonjoy.com/json-pack@^1.0.3":
  version "1.1.0"
  resolved "https://registry.npmjs.org/@jsonjoy.com/json-pack/-/json-pack-1.1.0.tgz"
  integrity sha512-zlQONA+msXPPwHWZMKFVS78ewFczIll5lXiVPwFPCZUsrOKdxc2AvxU1HoNBmMRhqDZUR9HkC3UOm+6pME6Xsg==
  dependencies:
    "@jsonjoy.com/base64" "^1.1.1"
    "@jsonjoy.com/util" "^1.1.2"
    hyperdyperid "^1.2.0"
    thingies "^1.20.0"

"@jsonjoy.com/util@^1.1.2", "@jsonjoy.com/util@^1.3.0":
  version "1.5.0"
  resolved "https://registry.npmjs.org/@jsonjoy.com/util/-/util-1.5.0.tgz"
  integrity sha512-ojoNsrIuPI9g6o8UxhraZQSyF2ByJanAY4cTFbc8Mf2AXEF4aQRGY1dJxyJpuyav8r9FGflEt/Ff3u5Nt6YMPA==

"@mswjs/interceptors@^0.36.4":
  version "0.36.10"
  resolved "https://registry.npmjs.org/@mswjs/interceptors/-/interceptors-0.36.10.tgz"
  integrity sha512-GXrJgakgJW3DWKueebkvtYgGKkxA7s0u5B0P5syJM5rvQUnrpLPigvci8Hukl7yEM+sU06l+er2Fgvx/gmiRgg==
  dependencies:
    "@open-draft/deferred-promise" "^2.2.0"
    "@open-draft/logger" "^0.3.0"
    "@open-draft/until" "^2.0.0"
    is-node-process "^1.2.0"
    outvariant "^1.4.3"
    strict-event-emitter "^0.5.1"

"@open-draft/deferred-promise@^2.2.0":
  version "2.2.0"
  resolved "https://registry.npmjs.org/@open-draft/deferred-promise/-/deferred-promise-2.2.0.tgz"
  integrity sha512-CecwLWx3rhxVQF6V4bAgPS5t+So2sTbPgAzafKkVizyi7tlwpcFpdFqq+wqF2OwNBmqFuu6tOyouTuxgpMfzmA==

"@open-draft/logger@^0.3.0":
  version "0.3.0"
  resolved "https://registry.npmjs.org/@open-draft/logger/-/logger-0.3.0.tgz"
  integrity sha512-X2g45fzhxH238HKO4xbSr7+wBS8Fvw6ixhTDuvLd5mqh6bJJCFAPwU9mPDxbcrRtfxv4u5IHCEH77BmxvXmmxQ==
  dependencies:
    is-node-process "^1.2.0"
    outvariant "^1.4.0"

"@open-draft/until@^2.0.0":
  version "2.1.0"
  resolved "https://registry.npmjs.org/@open-draft/until/-/until-2.1.0.tgz"
  integrity sha512-U69T3ItWHvLwGg5eJ0n3I62nWuE6ilHlmz7zM0npLBRvPRd7e6NYmg54vvRtP5mZG7kZqZCFVdsTWo7BPtBujg==

"@types/bun@latest":
  version "1.1.13"
  resolved "https://registry.npmjs.org/@types/bun/-/bun-1.1.13.tgz"
  integrity sha512-KmQxSBgVWCl6RSuerlLGZlIWfdxkKqat0nxN61+qu4y1KDn0Ll3j7v1Pl8GnaL3a/U6GGWVTJh75ap62kR1E8Q==
  dependencies:
    bun-types "1.1.34"

"@types/node@*", "@types/node@~20.12.8":
  version "20.12.14"
  resolved "https://registry.npmjs.org/@types/node/-/node-20.12.14.tgz"
  integrity sha512-scnD59RpYD91xngrQQLGkE+6UrHUPzeKZWhhjBSa3HSkwjbQc38+q3RoIVEwxQGRw3M+j5hpNAM+lgV3cVormg==
  dependencies:
    undici-types "~5.26.4"

"@types/ws@~8.5.10":
  version "8.5.13"
  resolved "https://registry.npmjs.org/@types/ws/-/ws-8.5.13.tgz"
  integrity sha512-osM/gWBTPKgHV8XkTunnegTRIsvF6owmf5w+JtAfOw472dptdm0dlGv4xCt6GwQRcC2XVOvvRE/0bAoQcL2QkA==
  dependencies:
    "@types/node" "*"

bun-types@1.1.34:
  version "1.1.34"
  resolved "https://registry.npmjs.org/bun-types/-/bun-types-1.1.34.tgz"
  integrity sha512-br5QygTEL/TwB4uQOb96Ky22j4Gq2WxWH/8Oqv20fk5HagwKXo/akB+LiYgSfzexCt6kkcUaVm+bKiPl71xPvw==
  dependencies:
    "@types/ws" "~8.5.10"
    "@types/node" "~20.12.8"

hyperdyperid@^1.2.0:
  version "1.2.0"
  resolved "https://registry.npmjs.org/hyperdyperid/-/hyperdyperid-1.2.0.tgz"
  integrity sha512-Y93lCzHYgGWdrJ66yIktxiaGULYc6oGiABxhcO5AufBeOyoIdZF7bIfLaOrbM0iGIOXQQgxxRrFEnb+Y6w1n4A==

is-node-process@^1.2.0:
  version "1.2.0"
  resolved "https://registry.npmjs.org/is-node-process/-/is-node-process-1.2.0.tgz"
  integrity sha512-Vg4o6/fqPxIjtxgUH5QLJhwZ7gW5diGCVlXpuUfELC62CuxM1iHcRe51f2W1FDy04Ai4KJkagKjx3XaqyfRKXw==

json-stringify-safe@^5.0.1:
  version "5.0.1"
  resolved "https://registry.npmjs.org/json-stringify-safe/-/json-stringify-safe-5.0.1.tgz"
  integrity sha512-ZClg6AaYvamvYEE82d3Iyd3vSSIjQ+odgjaTzRuO3s7toCdFKczob2i0zCh7JE8kWn17yvAWhUVxvqGwUalsRA==

memfs@^4.14.0:
  version "4.14.0"
  resolved "https://registry.npmjs.org/memfs/-/memfs-4.14.0.tgz"
  integrity sha512-JUeY0F/fQZgIod31Ja1eJgiSxLn7BfQlCnqhwXFBzFHEw63OdLK7VJUJ7bnzNsWgCyoUP5tEp1VRY8rDaYzqOA==
  dependencies:
    "@jsonjoy.com/json-pack" "^1.0.3"
    "@jsonjoy.com/util" "^1.3.0"
    tree-dump "^1.0.1"
    tslib "^2.0.0"

"nock@^14.0.0-beta.15":
  version "14.0.0-beta.15"
  resolved "https://registry.npmjs.org/nock/-/nock-14.0.0-beta.15.tgz"
  integrity sha512-rp72chatxoZbR/2cYHwtb+IX6n6kkanYKGN2PKn4c12JBrj9n4xGUKFykuQHB+Gkz3fynlikFbMH2LI6VoebuQ==
  dependencies:
    "@mswjs/interceptors" "^0.36.4"
    json-stringify-safe "^5.0.1"
    propagate "^2.0.0"

outvariant@^1.4.0, outvariant@^1.4.3:
  version "1.4.3"
  resolved "https://registry.npmjs.org/outvariant/-/outvariant-1.4.3.tgz"
  integrity sha512-+Sl2UErvtsoajRDKCE5/dBz4DIvHXQQnAxtQTF04OJxY0+DyZXSo5P5Bb7XYWOh81syohlYL24hbDwxedPUJCA==

propagate@^2.0.0:
  version "2.0.1"
  resolved "https://registry.npmjs.org/propagate/-/propagate-2.0.1.tgz"
  integrity sha512-vGrhOavPSTz4QVNuBNdcNXePNdNMaO1xj9yBeH1ScQPjk/rhg9sSlCXPhMkFuaNNW/syTvYqsnbIJxMBfRbbag==

strict-event-emitter@^0.5.1:
  version "0.5.1"
  resolved "https://registry.npmjs.org/strict-event-emitter/-/strict-event-emitter-0.5.1.tgz"
  integrity sha512-vMgjE/GGEPEFnhFub6pa4FmJBRBVOLpIII2hvCZ8Kzb7K0hlHo7mQv6xYrBvCL2LtAIBwFUK8wvuJgTVSQ5MFQ==

thingies@^1.20.0:
  version "1.21.0"
  resolved "https://registry.npmjs.org/thingies/-/thingies-1.21.0.tgz"
  integrity sha512-hsqsJsFMsV+aD4s3CWKk85ep/3I9XzYV/IXaSouJMYIoDlgyi11cBhsqYe9/geRfB0YIikBQg6raRaM+nIMP9g==

tree-dump@^1.0.1:
  version "1.0.2"
  resolved "https://registry.npmjs.org/tree-dump/-/tree-dump-1.0.2.tgz"
  integrity sha512-dpev9ABuLWdEubk+cIaI9cHwRNNDjkBBLXTwI4UCUFdQ5xXKqNXoK4FEciw/vxf+NQ7Cb7sGUyeUtORvHIdRXQ==

tslib@2, tslib@^2:
  version "2.8.1"
  resolved "https://registry.npmjs.org/tslib/-/tslib-2.8.1.tgz"
  integrity sha512-oJFu94HQb+KVduSUQL7wnpmqnfmLsOA/nAh6b6EH0wCEoK0/mPeXU6c3wKDV83MkOuHPRHtSXKKU99IBazS/2w==

typescript@^5.0.0:
  version "5.6.3"
  resolved "https://registry.npmjs.org/typescript/-/typescript-5.6.3.tgz"
  integrity sha512-hjcS1mhfuyi4WW8IWtjP7brDrG2cuDZukyrYrSauoXGNgx0S7zceP07adYkJycEr56BOUTNPzbInooiN3fn1qw==

undici-types@~5.26.4:
  version "5.26.5"
  resolved "https://registry.npmjs.org/undici-types/-/undici-types-5.26.5.tgz"
  integrity sha512-JlCMO+ehdEIKqlFxk6IfVoAUVmgz7cU7zD/h9XZ0qzeosSHmUJVOzSQvvYSYWXkFXC+IfLKSIffhv0sVZup6pA==
